
Microsoft Visual Studio Solution File, Format Version 12.00
# Visual Studio 15
VisualStudioVersion = 15.0.28307.438
MinimumVisualStudioVersion = 10.0.40219.1
Project("{FAE04EC0-301F-11D3-BF4B-00C04F79EFBC}") = "MySchool", "MySchool\MySchool.csproj", "{89CC5FA1-2E9B-4516-BA15-19AB98EAE62A}"
EndProject
Global
	GlobalSection(SolutionConfigurationPlatforms) = preSolution
		Debug|Any CPU = Debug|Any CPU
		Release|Any CPU = Release|Any CPU
	EndGlobalSection
	GlobalSection(ProjectConfigurationPlatforms) = postSolution
		{89CC5FA1-2E9B-4516-BA15-19AB98EAE62A}.Debug|Any CPU.ActiveCfg = Debug|Any CPU
		{89CC5FA1-2E9B-4516-BA15-19AB98EAE62A}.Debug|Any CPU.Build.0 = Debug|Any CPU
		{89CC5FA1-2E9B-4516-BA15-19AB98EAE62A}.Release|Any CPU.ActiveCfg = Release|Any CPU
		{89CC5FA1-2E9B-4516-BA15-19AB98EAE62A}.Release|Any CPU.Build.0 = Release|Any CPU
	EndGlobalSection
	GlobalSection(SolutionProperties) = preSolution
		HideSolutionNode = FALSE
	EndGlobalSection
	GlobalSection(ExtensibilityGlobals) = postSolution
		SolutionGuid = {31084E7B-6FB2-4F35-AB5E-79A9118C9F0F}
	EndGlobalSection
EndGlobal
